
Microsoft Visual Studio Solution File, Format Version 11.00
# Visual Studio 2010
Project("{8BC9CEB8-8B4A-11D0-8D11-00A0C91BC942}") = "03Vakulov", "03Vakulov\03Vakulov.vcxproj", "{AD689692-6DD8-4461-B2C3-3887FE0E3125}"
EndProject
Global
	GlobalSection(SolutionConfigurationPlatforms) = preSolution
		Debug|Win32 = Debug|Win32
		Release|Win32 = Release|Win32
	EndGlobalSection
	GlobalSection(ProjectConfigurationPlatforms) = postSolution
		{AD689692-6DD8-4461-B2C3-3887FE0E3125}.Debug|Win32.ActiveCfg = Debug|Win32
		{AD689692-6DD8-4461-B2C3-3887FE0E3125}.Debug|Win32.Build.0 = Debug|Win32
		{AD689692-6DD8-4461-B2C3-3887FE0E3125}.Release|Win32.ActiveCfg = Release|Win32
		{AD689692-6DD8-4461-B2C3-3887FE0E3125}.Release|Win32.Build.0 = Release|Win32
	EndGlobalSection
	GlobalSection(SolutionProperties) = preSolution
		HideSolutionNode = FALSE
	EndGlobalSection
EndGlobal
